# THIS IS AN AUTOGENERATED FILE. DO NOT EDIT THIS FILE DIRECTLY.
# yarn lockfile v1


eme-encryption-scheme-polyfill@^2.0.1:
  version "2.0.2"
  resolved "https://registry.yarnpkg.com/eme-encryption-scheme-polyfill/-/eme-encryption-scheme-polyfill-2.0.2.tgz#6d3edb6d95951883a499f2d6dafbd84a5574f8c3"
  integrity sha512-tZXuxVUCV1GmlQBGGVVNAt6lXBUxjDFqIAPAhz4F5Z/TvCi/coojxcZGEO5k+KMt/dWRFmXaK5pxKCMehue/oA==

shaka-player@^3.0.10:
  version "3.0.10"
  resolved "https://registry.yarnpkg.com/shaka-player/-/shaka-player-3.0.10.tgz#f5cca848df54694f1aa77097f990881da11dbf68"
  integrity sha512-kr1OFbihAmsmtsb/QhyDfxkt05wPAdreiW8vF86RN95zxpp+J/thEcTjRrH0E9dkBwPwS4HVv+mm096uqtEMvA==
  dependencies:
    eme-encryption-scheme-polyfill "^2.0.1"
